
Microsoft Visual Studio Solution File, Format Version 11.00
# Visual Studio 2010
Project("{8BC9CEB8-8B4A-11D0-8D11-00A0C91BC942}") = "App_ExampleBrowser", "App_ExampleBrowser.vcxproj", "{2191AA94-1BC4-2F42-9BBE-BE5A2F0159E5}"
	ProjectSection(ProjectDependencies) = postProject
		{C024E7AF-36C9-5A44-942C-C53FBDA8E5E1} = {C024E7AF-36C9-5A44-942C-C53FBDA8E5E1}
		{CEBD2E2E-D670-474F-808D-82D952BC765E} = {CEBD2E2E-D670-474F-808D-82D952BC765E}
		{6D88E526-A247-EE45-8077-F452FB6A33BF} = {6D88E526-A247-EE45-8077-F452FB6A33BF}
		{BC6FE61A-C6C5-2146-8227-4FE352493115} = {BC6FE61A-C6C5-2146-8227-4FE352493115}
		{051314DC-2CB1-2D4C-A38C-1720DA35C122} = {051314DC-2CB1-2D4C-A38C-1720DA35C122}
		{D614DBA2-BEF1-5A4D-B295-DB832AB7E6A6} = {D614DBA2-BEF1-5A4D-B295-DB832AB7E6A6}
		{D0745759-7FD2-FD4C-A3BB-BB210E9BF256} = {D0745759-7FD2-FD4C-A3BB-BB210E9BF256}
		{5B131B01-6EDC-CF4E-B39B-2325717A1643} = {5B131B01-6EDC-CF4E-B39B-2325717A1643}
		{10EA3CBF-96DB-6A4C-8CF4-FDD9E8E0BED6} = {10EA3CBF-96DB-6A4C-8CF4-FDD9E8E0BED6}
		{F5B8AAA5-6075-7A48-A292-B1068BCB443B} = {F5B8AAA5-6075-7A48-A292-B1068BCB443B}
		{B2250A6C-8F5E-014C-99C0-5B33D5327846} = {B2250A6C-8F5E-014C-99C0-5B33D5327846}
	EndProjectSection
EndProject
Project("{8BC9CEB8-8B4A-11D0-8D11-00A0C91BC942}") = "OpenGL_Window", "OpenGL_Window.vcxproj", "{CEBD2E2E-D670-474F-808D-82D952BC765E}"
EndProject
Project("{8BC9CEB8-8B4A-11D0-8D11-00A0C91BC942}") = "App_SharedMemoryPhysics", "App_SharedMemoryPhysics.vcxproj", "{EB0B1D2F-DB64-FE40-B631-B8DB2C0EA620}"
	ProjectSection(ProjectDependencies) = postProject
		{D0745759-7FD2-FD4C-A3BB-BB210E9BF256} = {D0745759-7FD2-FD4C-A3BB-BB210E9BF256}
		{BC6FE61A-C6C5-2146-8227-4FE352493115} = {BC6FE61A-C6C5-2146-8227-4FE352493115}
		{051314DC-2CB1-2D4C-A38C-1720DA35C122} = {051314DC-2CB1-2D4C-A38C-1720DA35C122}
		{D614DBA2-BEF1-5A4D-B295-DB832AB7E6A6} = {D614DBA2-BEF1-5A4D-B295-DB832AB7E6A6}
	EndProjectSection
EndProject
Project("{8BC9CEB8-8B4A-11D0-8D11-00A0C91BC942}") = "gwen", "gwen.vcxproj", "{C024E7AF-36C9-5A44-942C-C53FBDA8E5E1}"
EndProject
Project("{8BC9CEB8-8B4A-11D0-8D11-00A0C91BC942}") = "HACD", "HACD.vcxproj", "{0917EA0E-372E-4043-AB36-8E58479CB101}"
EndProject
Project("{8BC9CEB8-8B4A-11D0-8D11-00A0C91BC942}") = "ConvexDecomposition", "ConvexDecomposition.vcxproj", "{88C20BA9-6991-FA49-9B60-E475112CAB9E}"
EndProject
Project("{8BC9CEB8-8B4A-11D0-8D11-00A0C91BC942}") = "BulletFileLoader", "BulletFileLoader.vcxproj", "{0E691F14-4869-7A40-8FCA-06E0B727DF18}"
EndProject
Project("{8BC9CEB8-8B4A-11D0-8D11-00A0C91BC942}") = "BulletWorldImporter", "BulletWorldImporter.vcxproj", "{C8F52DD7-E989-6442-BAFE-102CFE531BDC}"
EndProject
Project("{8BC9CEB8-8B4A-11D0-8D11-00A0C91BC942}") = "BulletXmlWorldImporter", "BulletXmlWorldImporter.vcxproj", "{58A2BBE9-AA39-3241-8564-D76C9500A788}"
EndProject
Project("{8BC9CEB8-8B4A-11D0-8D11-00A0C91BC942}") = "App_HelloWorld", "App_HelloWorld.vcxproj", "{E3A53F55-0AD9-B648-A58B-50F1D1361324}"
	ProjectSection(ProjectDependencies) = postProject
		{BC6FE61A-C6C5-2146-8227-4FE352493115} = {BC6FE61A-C6C5-2146-8227-4FE352493115}
		{051314DC-2CB1-2D4C-A38C-1720DA35C122} = {051314DC-2CB1-2D4C-A38C-1720DA35C122}
		{D614DBA2-BEF1-5A4D-B295-DB832AB7E6A6} = {D614DBA2-BEF1-5A4D-B295-DB832AB7E6A6}
	EndProjectSection
EndProject
Project("{8BC9CEB8-8B4A-11D0-8D11-00A0C91BC942}") = "App_BasicExample", "App_BasicExample.vcxproj", "{BA555BA5-BF1E-1F40-8F49-984ECF4A6857}"
	ProjectSection(ProjectDependencies) = postProject
		{BC6FE61A-C6C5-2146-8227-4FE352493115} = {BC6FE61A-C6C5-2146-8227-4FE352493115}
		{051314DC-2CB1-2D4C-A38C-1720DA35C122} = {051314DC-2CB1-2D4C-A38C-1720DA35C122}
		{D614DBA2-BEF1-5A4D-B295-DB832AB7E6A6} = {D614DBA2-BEF1-5A4D-B295-DB832AB7E6A6}
	EndProjectSection
EndProject
Project("{8BC9CEB8-8B4A-11D0-8D11-00A0C91BC942}") = "Test_SharedMemoryPhysicsClient", "Test_SharedMemoryPhysicsClient.vcxproj", "{316078AD-A13B-CE43-911F-D14AA4CB32CD}"
	ProjectSection(ProjectDependencies) = postProject
		{0E691F14-4869-7A40-8FCA-06E0B727DF18} = {0E691F14-4869-7A40-8FCA-06E0B727DF18}
		{D0745759-7FD2-FD4C-A3BB-BB210E9BF256} = {D0745759-7FD2-FD4C-A3BB-BB210E9BF256}
		{D614DBA2-BEF1-5A4D-B295-DB832AB7E6A6} = {D614DBA2-BEF1-5A4D-B295-DB832AB7E6A6}
	EndProjectSection
EndProject
Project("{8BC9CEB8-8B4A-11D0-8D11-00A0C91BC942}") = "Bullet3Common", "Bullet3Common.vcxproj", "{D0745759-7FD2-FD4C-A3BB-BB210E9BF256}"
EndProject
Project("{8BC9CEB8-8B4A-11D0-8D11-00A0C91BC942}") = "Bullet3Geometry", "Bullet3Geometry.vcxproj", "{B2250A6C-8F5E-014C-99C0-5B33D5327846}"
EndProject
Project("{8BC9CEB8-8B4A-11D0-8D11-00A0C91BC942}") = "Bullet3Collision", "Bullet3Collision.vcxproj", "{F5B8AAA5-6075-7A48-A292-B1068BCB443B}"
EndProject
Project("{8BC9CEB8-8B4A-11D0-8D11-00A0C91BC942}") = "Bullet3Dynamics", "Bullet3Dynamics.vcxproj", "{10EA3CBF-96DB-6A4C-8CF4-FDD9E8E0BED6}"
EndProject
Project("{8BC9CEB8-8B4A-11D0-8D11-00A0C91BC942}") = "Bullet3OpenCL_clew", "Bullet3OpenCL_clew.vcxproj", "{5B131B01-6EDC-CF4E-B39B-2325717A1643}"
EndProject
Project("{8BC9CEB8-8B4A-11D0-8D11-00A0C91BC942}") = "Bullet2FileLoader", "Bullet2FileLoader.vcxproj", "{804DCB5E-EF6E-124B-B0A0-18F6F650D5FC}"
EndProject
Project("{8BC9CEB8-8B4A-11D0-8D11-00A0C91BC942}") = "gtest", "gtest.vcxproj", "{5F86D600-D687-0F4E-8AF8-D226A110FCB5}"
EndProject
Project("{8BC9CEB8-8B4A-11D0-8D11-00A0C91BC942}") = "Test_BulletCollision", "Test_BulletCollision.vcxproj", "{C16A7B5C-5423-4A43-9916-37AA2209D50E}"
	ProjectSection(ProjectDependencies) = postProject
		{D614DBA2-BEF1-5A4D-B295-DB832AB7E6A6} = {D614DBA2-BEF1-5A4D-B295-DB832AB7E6A6}
		{5F86D600-D687-0F4E-8AF8-D226A110FCB5} = {5F86D600-D687-0F4E-8AF8-D226A110FCB5}
	EndProjectSection
EndProject
Project("{8BC9CEB8-8B4A-11D0-8D11-00A0C91BC942}") = "Test_OpenCL_Bullet3", "Test_OpenCL_Bullet3.vcxproj", "{ADEF1E5A-70CE-5D44-B590-37D2CB727FBB}"
	ProjectSection(ProjectDependencies) = postProject
		{5F86D600-D687-0F4E-8AF8-D226A110FCB5} = {5F86D600-D687-0F4E-8AF8-D226A110FCB5}
		{5B131B01-6EDC-CF4E-B39B-2325717A1643} = {5B131B01-6EDC-CF4E-B39B-2325717A1643}
		{D0745759-7FD2-FD4C-A3BB-BB210E9BF256} = {D0745759-7FD2-FD4C-A3BB-BB210E9BF256}
	EndProjectSection
EndProject
Project("{8BC9CEB8-8B4A-11D0-8D11-00A0C91BC942}") = "Test_Gwen_OpenGL", "Test_Gwen_OpenGL.vcxproj", "{B8ACB51A-FD77-934E-91EB-E8972E73165A}"
	ProjectSection(ProjectDependencies) = postProject
		{C024E7AF-36C9-5A44-942C-C53FBDA8E5E1} = {C024E7AF-36C9-5A44-942C-C53FBDA8E5E1}
	EndProjectSection
EndProject
Project("{8BC9CEB8-8B4A-11D0-8D11-00A0C91BC942}") = "Test_LinearMath", "Test_LinearMath.vcxproj", "{5927CA21-882D-4345-A4DD-01757F755814}"
	ProjectSection(ProjectDependencies) = postProject
		{BC6FE61A-C6C5-2146-8227-4FE352493115} = {BC6FE61A-C6C5-2146-8227-4FE352493115}
		{051314DC-2CB1-2D4C-A38C-1720DA35C122} = {051314DC-2CB1-2D4C-A38C-1720DA35C122}
		{D614DBA2-BEF1-5A4D-B295-DB832AB7E6A6} = {D614DBA2-BEF1-5A4D-B295-DB832AB7E6A6}
	EndProjectSection
EndProject
Project("{8BC9CEB8-8B4A-11D0-8D11-00A0C91BC942}") = "BulletSoftBody", "BulletSoftBody.vcxproj", "{6D88E526-A247-EE45-8077-F452FB6A33BF}"
EndProject
Project("{8BC9CEB8-8B4A-11D0-8D11-00A0C91BC942}") = "BulletDynamics", "BulletDynamics.vcxproj", "{BC6FE61A-C6C5-2146-8227-4FE352493115}"
EndProject
Project("{8BC9CEB8-8B4A-11D0-8D11-00A0C91BC942}") = "BulletCollision", "BulletCollision.vcxproj", "{051314DC-2CB1-2D4C-A38C-1720DA35C122}"
EndProject
Project("{8BC9CEB8-8B4A-11D0-8D11-00A0C91BC942}") = "LinearMath", "LinearMath.vcxproj", "{D614DBA2-BEF1-5A4D-B295-DB832AB7E6A6}"
EndProject
Global
	GlobalSection(SolutionConfigurationPlatforms) = preSolution
		Release|Win32 = Release|Win32
		Release|x64 = Release|x64
		Debug|Win32 = Debug|Win32
		Debug|x64 = Debug|x64
	EndGlobalSection
	GlobalSection(ProjectConfigurationPlatforms) = postSolution
		{2191AA94-1BC4-2F42-9BBE-BE5A2F0159E5}.Release|Win32.ActiveCfg = Release|Win32
		{2191AA94-1BC4-2F42-9BBE-BE5A2F0159E5}.Release|Win32.Build.0 = Release|Win32
		{2191AA94-1BC4-2F42-9BBE-BE5A2F0159E5}.Release|x64.ActiveCfg = Release|x64
		{2191AA94-1BC4-2F42-9BBE-BE5A2F0159E5}.Release|x64.Build.0 = Release|x64
		{2191AA94-1BC4-2F42-9BBE-BE5A2F0159E5}.Debug|Win32.ActiveCfg = Debug|Win32
		{2191AA94-1BC4-2F42-9BBE-BE5A2F0159E5}.Debug|Win32.Build.0 = Debug|Win32
		{2191AA94-1BC4-2F42-9BBE-BE5A2F0159E5}.Debug|x64.ActiveCfg = Debug|x64
		{2191AA94-1BC4-2F42-9BBE-BE5A2F0159E5}.Debug|x64.Build.0 = Debug|x64
		{CEBD2E2E-D670-474F-808D-82D952BC765E}.Release|Win32.ActiveCfg = Release|Win32
		{CEBD2E2E-D670-474F-808D-82D952BC765E}.Release|Win32.Build.0 = Release|Win32
		{CEBD2E2E-D670-474F-808D-82D952BC765E}.Release|x64.ActiveCfg = Release|x64
		{CEBD2E2E-D670-474F-808D-82D952BC765E}.Release|x64.Build.0 = Release|x64
		{CEBD2E2E-D670-474F-808D-82D952BC765E}.Debug|Win32.ActiveCfg = Debug|Win32
		{CEBD2E2E-D670-474F-808D-82D952BC765E}.Debug|Win32.Build.0 = Debug|Win32
		{CEBD2E2E-D670-474F-808D-82D952BC765E}.Debug|x64.ActiveCfg = Debug|x64
		{CEBD2E2E-D670-474F-808D-82D952BC765E}.Debug|x64.Build.0 = Debug|x64
		{EB0B1D2F-DB64-FE40-B631-B8DB2C0EA620}.Release|Win32.ActiveCfg = Release|Win32
		{EB0B1D2F-DB64-FE40-B631-B8DB2C0EA620}.Release|Win32.Build.0 = Release|Win32
		{EB0B1D2F-DB64-FE40-B631-B8DB2C0EA620}.Release|x64.ActiveCfg = Release|x64
		{EB0B1D2F-DB64-FE40-B631-B8DB2C0EA620}.Release|x64.Build.0 = Release|x64
		{EB0B1D2F-DB64-FE40-B631-B8DB2C0EA620}.Debug|Win32.ActiveCfg = Debug|Win32
		{EB0B1D2F-DB64-FE40-B631-B8DB2C0EA620}.Debug|Win32.Build.0 = Debug|Win32
		{EB0B1D2F-DB64-FE40-B631-B8DB2C0EA620}.Debug|x64.ActiveCfg = Debug|x64
		{EB0B1D2F-DB64-FE40-B631-B8DB2C0EA620}.Debug|x64.Build.0 = Debug|x64
		{C024E7AF-36C9-5A44-942C-C53FBDA8E5E1}.Release|Win32.ActiveCfg = Release|Win32
		{C024E7AF-36C9-5A44-942C-C53FBDA8E5E1}.Release|Win32.Build.0 = Release|Win32
		{C024E7AF-36C9-5A44-942C-C53FBDA8E5E1}.Release|x64.ActiveCfg = Release|x64
		{C024E7AF-36C9-5A44-942C-C53FBDA8E5E1}.Release|x64.Build.0 = Release|x64
		{C024E7AF-36C9-5A44-942C-C53FBDA8E5E1}.Debug|Win32.ActiveCfg = Debug|Win32
		{C024E7AF-36C9-5A44-942C-C53FBDA8E5E1}.Debug|Win32.Build.0 = Debug|Win32
		{C024E7AF-36C9-5A44-942C-C53FBDA8E5E1}.Debug|x64.ActiveCfg = Debug|x64
		{C024E7AF-36C9-5A44-942C-C53FBDA8E5E1}.Debug|x64.Build.0 = Debug|x64
		{0917EA0E-372E-4043-AB36-8E58479CB101}.Release|Win32.ActiveCfg = Release|Win32
		{0917EA0E-372E-4043-AB36-8E58479CB101}.Release|Win32.Build.0 = Release|Win32
		{0917EA0E-372E-4043-AB36-8E58479CB101}.Release|x64.ActiveCfg = Release|x64
		{0917EA0E-372E-4043-AB36-8E58479CB101}.Release|x64.Build.0 = Release|x64
		{0917EA0E-372E-4043-AB36-8E58479CB101}.Debug|Win32.ActiveCfg = Debug|Win32
		{0917EA0E-372E-4043-AB36-8E58479CB101}.Debug|Win32.Build.0 = Debug|Win32
		{0917EA0E-372E-4043-AB36-8E58479CB101}.Debug|x64.ActiveCfg = Debug|x64
		{0917EA0E-372E-4043-AB36-8E58479CB101}.Debug|x64.Build.0 = Debug|x64
		{88C20BA9-6991-FA49-9B60-E475112CAB9E}.Release|Win32.ActiveCfg = Release|Win32
		{88C20BA9-6991-FA49-9B60-E475112CAB9E}.Release|Win32.Build.0 = Release|Win32
		{88C20BA9-6991-FA49-9B60-E475112CAB9E}.Release|x64.ActiveCfg = Release|x64
		{88C20BA9-6991-FA49-9B60-E475112CAB9E}.Release|x64.Build.0 = Release|x64
		{88C20BA9-6991-FA49-9B60-E475112CAB9E}.Debug|Win32.ActiveCfg = Debug|Win32
		{88C20BA9-6991-FA49-9B60-E475112CAB9E}.Debug|Win32.Build.0 = Debug|Win32
		{88C20BA9-6991-FA49-9B60-E475112CAB9E}.Debug|x64.ActiveCfg = Debug|x64
		{88C20BA9-6991-FA49-9B60-E475112CAB9E}.Debug|x64.Build.0 = Debug|x64
		{0E691F14-4869-7A40-8FCA-06E0B727DF18}.Release|Win32.ActiveCfg = Release|Win32
		{0E691F14-4869-7A40-8FCA-06E0B727DF18}.Release|Win32.Build.0 = Release|Win32
		{0E691F14-4869-7A40-8FCA-06E0B727DF18}.Release|x64.ActiveCfg = Release|x64
		{0E691F14-4869-7A40-8FCA-06E0B727DF18}.Release|x64.Build.0 = Release|x64
		{0E691F14-4869-7A40-8FCA-06E0B727DF18}.Debug|Win32.ActiveCfg = Debug|Win32
		{0E691F14-4869-7A40-8FCA-06E0B727DF18}.Debug|Win32.Build.0 = Debug|Win32
		{0E691F14-4869-7A40-8FCA-06E0B727DF18}.Debug|x64.ActiveCfg = Debug|x64
		{0E691F14-4869-7A40-8FCA-06E0B727DF18}.Debug|x64.Build.0 = Debug|x64
		{C8F52DD7-E989-6442-BAFE-102CFE531BDC}.Release|Win32.ActiveCfg = Release|Win32
		{C8F52DD7-E989-6442-BAFE-102CFE531BDC}.Release|Win32.Build.0 = Release|Win32
		{C8F52DD7-E989-6442-BAFE-102CFE531BDC}.Release|x64.ActiveCfg = Release|x64
		{C8F52DD7-E989-6442-BAFE-102CFE531BDC}.Release|x64.Build.0 = Release|x64
		{C8F52DD7-E989-6442-BAFE-102CFE531BDC}.Debug|Win32.ActiveCfg = Debug|Win32
		{C8F52DD7-E989-6442-BAFE-102CFE531BDC}.Debug|Win32.Build.0 = Debug|Win32
		{C8F52DD7-E989-6442-BAFE-102CFE531BDC}.Debug|x64.ActiveCfg = Debug|x64
		{C8F52DD7-E989-6442-BAFE-102CFE531BDC}.Debug|x64.Build.0 = Debug|x64
		{58A2BBE9-AA39-3241-8564-D76C9500A788}.Release|Win32.ActiveCfg = Release|Win32
		{58A2BBE9-AA39-3241-8564-D76C9500A788}.Release|Win32.Build.0 = Release|Win32
		{58A2BBE9-AA39-3241-8564-D76C9500A788}.Release|x64.ActiveCfg = Release|x64
		{58A2BBE9-AA39-3241-8564-D76C9500A788}.Release|x64.Build.0 = Release|x64
		{58A2BBE9-AA39-3241-8564-D76C9500A788}.Debug|Win32.ActiveCfg = Debug|Win32
		{58A2BBE9-AA39-3241-8564-D76C9500A788}.Debug|Win32.Build.0 = Debug|Win32
		{58A2BBE9-AA39-3241-8564-D76C9500A788}.Debug|x64.ActiveCfg = Debug|x64
		{58A2BBE9-AA39-3241-8564-D76C9500A788}.Debug|x64.Build.0 = Debug|x64
		{E3A53F55-0AD9-B648-A58B-50F1D1361324}.Release|Win32.ActiveCfg = Release|Win32
		{E3A53F55-0AD9-B648-A58B-50F1D1361324}.Release|Win32.Build.0 = Release|Win32
		{E3A53F55-0AD9-B648-A58B-50F1D1361324}.Release|x64.ActiveCfg = Release|x64
		{E3A53F55-0AD9-B648-A58B-50F1D1361324}.Release|x64.Build.0 = Release|x64
		{E3A53F55-0AD9-B648-A58B-50F1D1361324}.Debug|Win32.ActiveCfg = Debug|Win32
		{E3A53F55-0AD9-B648-A58B-50F1D1361324}.Debug|Win32.Build.0 = Debug|Win32
		{E3A53F55-0AD9-B648-A58B-50F1D1361324}.Debug|x64.ActiveCfg = Debug|x64
		{E3A53F55-0AD9-B648-A58B-50F1D1361324}.Debug|x64.Build.0 = Debug|x64
		{BA555BA5-BF1E-1F40-8F49-984ECF4A6857}.Release|Win32.ActiveCfg = Release|Win32
		{BA555BA5-BF1E-1F40-8F49-984ECF4A6857}.Release|Win32.Build.0 = Release|Win32
		{BA555BA5-BF1E-1F40-8F49-984ECF4A6857}.Release|x64.ActiveCfg = Release|x64
		{BA555BA5-BF1E-1F40-8F49-984ECF4A6857}.Release|x64.Build.0 = Release|x64
		{BA555BA5-BF1E-1F40-8F49-984ECF4A6857}.Debug|Win32.ActiveCfg = Debug|Win32
		{BA555BA5-BF1E-1F40-8F49-984ECF4A6857}.Debug|Win32.Build.0 = Debug|Win32
		{BA555BA5-BF1E-1F40-8F49-984ECF4A6857}.Debug|x64.ActiveCfg = Debug|x64
		{BA555BA5-BF1E-1F40-8F49-984ECF4A6857}.Debug|x64.Build.0 = Debug|x64
		{316078AD-A13B-CE43-911F-D14AA4CB32CD}.Release|Win32.ActiveCfg = Release|Win32
		{316078AD-A13B-CE43-911F-D14AA4CB32CD}.Release|Win32.Build.0 = Release|Win32
		{316078AD-A13B-CE43-911F-D14AA4CB32CD}.Release|x64.ActiveCfg = Release|x64
		{316078AD-A13B-CE43-911F-D14AA4CB32CD}.Release|x64.Build.0 = Release|x64
		{316078AD-A13B-CE43-911F-D14AA4CB32CD}.Debug|Win32.ActiveCfg = Debug|Win32
		{316078AD-A13B-CE43-911F-D14AA4CB32CD}.Debug|Win32.Build.0 = Debug|Win32
		{316078AD-A13B-CE43-911F-D14AA4CB32CD}.Debug|x64.ActiveCfg = Debug|x64
		{316078AD-A13B-CE43-911F-D14AA4CB32CD}.Debug|x64.Build.0 = Debug|x64
		{D0745759-7FD2-FD4C-A3BB-BB210E9BF256}.Release|Win32.ActiveCfg = Release|Win32
		{D0745759-7FD2-FD4C-A3BB-BB210E9BF256}.Release|Win32.Build.0 = Release|Win32
		{D0745759-7FD2-FD4C-A3BB-BB210E9BF256}.Release|x64.ActiveCfg = Release|x64
		{D0745759-7FD2-FD4C-A3BB-BB210E9BF256}.Release|x64.Build.0 = Release|x64
		{D0745759-7FD2-FD4C-A3BB-BB210E9BF256}.Debug|Win32.ActiveCfg = Debug|Win32
		{D0745759-7FD2-FD4C-A3BB-BB210E9BF256}.Debug|Win32.Build.0 = Debug|Win32
		{D0745759-7FD2-FD4C-A3BB-BB210E9BF256}.Debug|x64.ActiveCfg = Debug|x64
		{D0745759-7FD2-FD4C-A3BB-BB210E9BF256}.Debug|x64.Build.0 = Debug|x64
		{B2250A6C-8F5E-014C-99C0-5B33D5327846}.Release|Win32.ActiveCfg = Release|Win32
		{B2250A6C-8F5E-014C-99C0-5B33D5327846}.Release|Win32.Build.0 = Release|Win32
		{B2250A6C-8F5E-014C-99C0-5B33D5327846}.Release|x64.ActiveCfg = Release|x64
		{B2250A6C-8F5E-014C-99C0-5B33D5327846}.Release|x64.Build.0 = Release|x64
		{B2250A6C-8F5E-014C-99C0-5B33D5327846}.Debug|Win32.ActiveCfg = Debug|Win32
		{B2250A6C-8F5E-014C-99C0-5B33D5327846}.Debug|Win32.Build.0 = Debug|Win32
		{B2250A6C-8F5E-014C-99C0-5B33D5327846}.Debug|x64.ActiveCfg = Debug|x64
		{B2250A6C-8F5E-014C-99C0-5B33D5327846}.Debug|x64.Build.0 = Debug|x64
		{F5B8AAA5-6075-7A48-A292-B1068BCB443B}.Release|Win32.ActiveCfg = Release|Win32
		{F5B8AAA5-6075-7A48-A292-B1068BCB443B}.Release|Win32.Build.0 = Release|Win32
		{F5B8AAA5-6075-7A48-A292-B1068BCB443B}.Release|x64.ActiveCfg = Release|x64
		{F5B8AAA5-6075-7A48-A292-B1068BCB443B}.Release|x64.Build.0 = Release|x64
		{F5B8AAA5-6075-7A48-A292-B1068BCB443B}.Debug|Win32.ActiveCfg = Debug|Win32
		{F5B8AAA5-6075-7A48-A292-B1068BCB443B}.Debug|Win32.Build.0 = Debug|Win32
		{F5B8AAA5-6075-7A48-A292-B1068BCB443B}.Debug|x64.ActiveCfg = Debug|x64
		{F5B8AAA5-6075-7A48-A292-B1068BCB443B}.Debug|x64.Build.0 = Debug|x64
		{10EA3CBF-96DB-6A4C-8CF4-FDD9E8E0BED6}.Release|Win32.ActiveCfg = Release|Win32
		{10EA3CBF-96DB-6A4C-8CF4-FDD9E8E0BED6}.Release|Win32.Build.0 = Release|Win32
		{10EA3CBF-96DB-6A4C-8CF4-FDD9E8E0BED6}.Release|x64.ActiveCfg = Release|x64
		{10EA3CBF-96DB-6A4C-8CF4-FDD9E8E0BED6}.Release|x64.Build.0 = Release|x64
		{10EA3CBF-96DB-6A4C-8CF4-FDD9E8E0BED6}.Debug|Win32.ActiveCfg = Debug|Win32
		{10EA3CBF-96DB-6A4C-8CF4-FDD9E8E0BED6}.Debug|Win32.Build.0 = Debug|Win32
		{10EA3CBF-96DB-6A4C-8CF4-FDD9E8E0BED6}.Debug|x64.ActiveCfg = Debug|x64
		{10EA3CBF-96DB-6A4C-8CF4-FDD9E8E0BED6}.Debug|x64.Build.0 = Debug|x64
		{5B131B01-6EDC-CF4E-B39B-2325717A1643}.Release|Win32.ActiveCfg = Release|Win32
		{5B131B01-6EDC-CF4E-B39B-2325717A1643}.Release|Win32.Build.0 = Release|Win32
		{5B131B01-6EDC-CF4E-B39B-2325717A1643}.Release|x64.ActiveCfg = Release|x64
		{5B131B01-6EDC-CF4E-B39B-2325717A1643}.Release|x64.Build.0 = Release|x64
		{5B131B01-6EDC-CF4E-B39B-2325717A1643}.Debug|Win32.ActiveCfg = Debug|Win32
		{5B131B01-6EDC-CF4E-B39B-2325717A1643}.Debug|Win32.Build.0 = Debug|Win32
		{5B131B01-6EDC-CF4E-B39B-2325717A1643}.Debug|x64.ActiveCfg = Debug|x64
		{5B131B01-6EDC-CF4E-B39B-2325717A1643}.Debug|x64.Build.0 = Debug|x64
		{804DCB5E-EF6E-124B-B0A0-18F6F650D5FC}.Release|Win32.ActiveCfg = Release|Win32
		{804DCB5E-EF6E-124B-B0A0-18F6F650D5FC}.Release|Win32.Build.0 = Release|Win32
		{804DCB5E-EF6E-124B-B0A0-18F6F650D5FC}.Release|x64.ActiveCfg = Release|x64
		{804DCB5E-EF6E-124B-B0A0-18F6F650D5FC}.Release|x64.Build.0 = Release|x64
		{804DCB5E-EF6E-124B-B0A0-18F6F650D5FC}.Debug|Win32.ActiveCfg = Debug|Win32
		{804DCB5E-EF6E-124B-B0A0-18F6F650D5FC}.Debug|Win32.Build.0 = Debug|Win32
		{804DCB5E-EF6E-124B-B0A0-18F6F650D5FC}.Debug|x64.ActiveCfg = Debug|x64
		{804DCB5E-EF6E-124B-B0A0-18F6F650D5FC}.Debug|x64.Build.0 = Debug|x64
		{5F86D600-D687-0F4E-8AF8-D226A110FCB5}.Release|Win32.ActiveCfg = Release|Win32
		{5F86D600-D687-0F4E-8AF8-D226A110FCB5}.Release|Win32.Build.0 = Release|Win32
		{5F86D600-D687-0F4E-8AF8-D226A110FCB5}.Release|x64.ActiveCfg = Release|x64
		{5F86D600-D687-0F4E-8AF8-D226A110FCB5}.Release|x64.Build.0 = Release|x64
		{5F86D600-D687-0F4E-8AF8-D226A110FCB5}.Debug|Win32.ActiveCfg = Debug|Win32
		{5F86D600-D687-0F4E-8AF8-D226A110FCB5}.Debug|Win32.Build.0 = Debug|Win32
		{5F86D600-D687-0F4E-8AF8-D226A110FCB5}.Debug|x64.ActiveCfg = Debug|x64
		{5F86D600-D687-0F4E-8AF8-D226A110FCB5}.Debug|x64.Build.0 = Debug|x64
		{C16A7B5C-5423-4A43-9916-37AA2209D50E}.Release|Win32.ActiveCfg = Release|Win32
		{C16A7B5C-5423-4A43-9916-37AA2209D50E}.Release|Win32.Build.0 = Release|Win32
		{C16A7B5C-5423-4A43-9916-37AA2209D50E}.Release|x64.ActiveCfg = Release|x64
		{C16A7B5C-5423-4A43-9916-37AA2209D50E}.Release|x64.Build.0 = Release|x64
		{C16A7B5C-5423-4A43-9916-37AA2209D50E}.Debug|Win32.ActiveCfg = Debug|Win32
		{C16A7B5C-5423-4A43-9916-37AA2209D50E}.Debug|Win32.Build.0 = Debug|Win32
		{C16A7B5C-5423-4A43-9916-37AA2209D50E}.Debug|x64.ActiveCfg = Debug|x64
		{C16A7B5C-5423-4A43-9916-37AA2209D50E}.Debug|x64.Build.0 = Debug|x64
		{ADEF1E5A-70CE-5D44-B590-37D2CB727FBB}.Release|Win32.ActiveCfg = Release|Win32
		{ADEF1E5A-70CE-5D44-B590-37D2CB727FBB}.Release|Win32.Build.0 = Release|Win32
		{ADEF1E5A-70CE-5D44-B590-37D2CB727FBB}.Release|x64.ActiveCfg = Release|x64
		{ADEF1E5A-70CE-5D44-B590-37D2CB727FBB}.Release|x64.Build.0 = Release|x64
		{ADEF1E5A-70CE-5D44-B590-37D2CB727FBB}.Debug|Win32.ActiveCfg = Debug|Win32
		{ADEF1E5A-70CE-5D44-B590-37D2CB727FBB}.Debug|Win32.Build.0 = Debug|Win32
		{ADEF1E5A-70CE-5D44-B590-37D2CB727FBB}.Debug|x64.ActiveCfg = Debug|x64
		{ADEF1E5A-70CE-5D44-B590-37D2CB727FBB}.Debug|x64.Build.0 = Debug|x64
		{B8ACB51A-FD77-934E-91EB-E8972E73165A}.Release|Win32.ActiveCfg = Release|Win32
		{B8ACB51A-FD77-934E-91EB-E8972E73165A}.Release|Win32.Build.0 = Release|Win32
		{B8ACB51A-FD77-934E-91EB-E8972E73165A}.Release|x64.ActiveCfg = Release|x64
		{B8ACB51A-FD77-934E-91EB-E8972E73165A}.Release|x64.Build.0 = Release|x64
		{B8ACB51A-FD77-934E-91EB-E8972E73165A}.Debug|Win32.ActiveCfg = Debug|Win32
		{B8ACB51A-FD77-934E-91EB-E8972E73165A}.Debug|Win32.Build.0 = Debug|Win32
		{B8ACB51A-FD77-934E-91EB-E8972E73165A}.Debug|x64.ActiveCfg = Debug|x64
		{B8ACB51A-FD77-934E-91EB-E8972E73165A}.Debug|x64.Build.0 = Debug|x64
		{5927CA21-882D-4345-A4DD-01757F755814}.Release|Win32.ActiveCfg = Release|Win32
		{5927CA21-882D-4345-A4DD-01757F755814}.Release|Win32.Build.0 = Release|Win32
		{5927CA21-882D-4345-A4DD-01757F755814}.Release|x64.ActiveCfg = Release|x64
		{5927CA21-882D-4345-A4DD-01757F755814}.Release|x64.Build.0 = Release|x64
		{5927CA21-882D-4345-A4DD-01757F755814}.Debug|Win32.ActiveCfg = Debug|Win32
		{5927CA21-882D-4345-A4DD-01757F755814}.Debug|Win32.Build.0 = Debug|Win32
		{5927CA21-882D-4345-A4DD-01757F755814}.Debug|x64.ActiveCfg = Debug|x64
		{5927CA21-882D-4345-A4DD-01757F755814}.Debug|x64.Build.0 = Debug|x64
		{6D88E526-A247-EE45-8077-F452FB6A33BF}.Release|Win32.ActiveCfg = Release|Win32
		{6D88E526-A247-EE45-8077-F452FB6A33BF}.Release|Win32.Build.0 = Release|Win32
		{6D88E526-A247-EE45-8077-F452FB6A33BF}.Release|x64.ActiveCfg = Release|x64
		{6D88E526-A247-EE45-8077-F452FB6A33BF}.Release|x64.Build.0 = Release|x64
		{6D88E526-A247-EE45-8077-F452FB6A33BF}.Debug|Win32.ActiveCfg = Debug|Win32
		{6D88E526-A247-EE45-8077-F452FB6A33BF}.Debug|Win32.Build.0 = Debug|Win32
		{6D88E526-A247-EE45-8077-F452FB6A33BF}.Debug|x64.ActiveCfg = Debug|x64
		{6D88E526-A247-EE45-8077-F452FB6A33BF}.Debug|x64.Build.0 = Debug|x64
		{BC6FE61A-C6C5-2146-8227-4FE352493115}.Release|Win32.ActiveCfg = Release|Win32
		{BC6FE61A-C6C5-2146-8227-4FE352493115}.Release|Win32.Build.0 = Release|Win32
		{BC6FE61A-C6C5-2146-8227-4FE352493115}.Release|x64.ActiveCfg = Release|x64
		{BC6FE61A-C6C5-2146-8227-4FE352493115}.Release|x64.Build.0 = Release|x64
		{BC6FE61A-C6C5-2146-8227-4FE352493115}.Debug|Win32.ActiveCfg = Debug|Win32
		{BC6FE61A-C6C5-2146-8227-4FE352493115}.Debug|Win32.Build.0 = Debug|Win32
		{BC6FE61A-C6C5-2146-8227-4FE352493115}.Debug|x64.ActiveCfg = Debug|x64
		{BC6FE61A-C6C5-2146-8227-4FE352493115}.Debug|x64.Build.0 = Debug|x64
		{051314DC-2CB1-2D4C-A38C-1720DA35C122}.Release|Win32.ActiveCfg = Release|Win32
		{051314DC-2CB1-2D4C-A38C-1720DA35C122}.Release|Win32.Build.0 = Release|Win32
		{051314DC-2CB1-2D4C-A38C-1720DA35C122}.Release|x64.ActiveCfg = Release|x64
		{051314DC-2CB1-2D4C-A38C-1720DA35C122}.Release|x64.Build.0 = Release|x64
		{051314DC-2CB1-2D4C-A38C-1720DA35C122}.Debug|Win32.ActiveCfg = Debug|Win32
		{051314DC-2CB1-2D4C-A38C-1720DA35C122}.Debug|Win32.Build.0 = Debug|Win32
		{051314DC-2CB1-2D4C-A38C-1720DA35C122}.Debug|x64.ActiveCfg = Debug|x64
		{051314DC-2CB1-2D4C-A38C-1720DA35C122}.Debug|x64.Build.0 = Debug|x64
		{D614DBA2-BEF1-5A4D-B295-DB832AB7E6A6}.Release|Win32.ActiveCfg = Release|Win32
		{D614DBA2-BEF1-5A4D-B295-DB832AB7E6A6}.Release|Win32.Build.0 = Release|Win32
		{D614DBA2-BEF1-5A4D-B295-DB832AB7E6A6}.Release|x64.ActiveCfg = Release|x64
		{D614DBA2-BEF1-5A4D-B295-DB832AB7E6A6}.Release|x64.Build.0 = Release|x64
		{D614DBA2-BEF1-5A4D-B295-DB832AB7E6A6}.Debug|Win32.ActiveCfg = Debug|Win32
		{D614DBA2-BEF1-5A4D-B295-DB832AB7E6A6}.Debug|Win32.Build.0 = Debug|Win32
		{D614DBA2-BEF1-5A4D-B295-DB832AB7E6A6}.Debug|x64.ActiveCfg = Debug|x64
		{D614DBA2-BEF1-5A4D-B295-DB832AB7E6A6}.Debug|x64.Build.0 = Debug|x64
	EndGlobalSection
	GlobalSection(SolutionProperties) = preSolution
		HideSolutionNode = FALSE
	EndGlobalSection
EndGlobal
