<?xml version="1.0" encoding="utf-8"?>
<Project ToolsVersion="4.0" xmlns="http://schemas.microsoft.com/developer/msbuild/2003">
  <ItemGroup>
    <Filter Include="src">
      <UniqueIdentifier>{01727A56-9FA3-A843-A1B6-7FE57FA93C2B}</UniqueIdentifier>
    </Filter>
    <Filter Include="src\clew">
      <UniqueIdentifier>{1B4A2607-1737-7746-9C0A-98DFE1E738B4}</UniqueIdentifier>
    </Filter>
    <Filter Include="examples">
      <UniqueIdentifier>{397B5EAD-C267-A04D-AC5B-04DE8B8D1CC7}</UniqueIdentifier>
    </Filter>
    <Filter Include="examples\ThirdPartyLibs">
      <UniqueIdentifier>{AE15F9B9-61F2-A440-A537-F89AA59B0D51}</UniqueIdentifier>
    </Filter>
    <Filter Include="examples\ThirdPartyLibs\Glew">
      <UniqueIdentifier>{8A42A30D-C497-2C4D-B237-A22C97314307}</UniqueIdentifier>
    </Filter>
    <Filter Include="examples\ExampleBrowser">
      <UniqueIdentifier>{FAD1EE18-8909-674C-AE78-8CBC1797A535}</UniqueIdentifier>
    </Filter>
    <Filter Include="examples\ExampleBrowser\GwenGUISupport">
      <UniqueIdentifier>{6FBB254A-BB6D-6547-992D-DAFF6A7935CA}</UniqueIdentifier>
    </Filter>
    <Filter Include="examples\SharedMemory">
      <UniqueIdentifier>{1AB934C1-BAD6-7A46-8C9C-F0D97D271E08}</UniqueIdentifier>
    </Filter>
    <Filter Include="examples\BasicDemo">
      <UniqueIdentifier>{2A6DC02D-524E-5047-A162-33B30ECB0776}</UniqueIdentifier>
    </Filter>
    <Filter Include="examples\Tutorial">
      <UniqueIdentifier>{6615A40E-A0EC-9B40-8772-876C85DFC704}</UniqueIdentifier>
    </Filter>
    <Filter Include="examples\Benchmarks">
      <UniqueIdentifier>{ED4E3B40-E5A5-4B4E-A1C0-D7F582EC5BA0}</UniqueIdentifier>
    </Filter>
    <Filter Include="examples\CommonInterfaces">
      <UniqueIdentifier>{9D89BF6E-D99F-6B4F-AD35-AF9976B62D4F}</UniqueIdentifier>
    </Filter>
    <Filter Include="examples\ForkLift">
      <UniqueIdentifier>{82D523BF-9E11-D14B-B3D0-0C92C9826A8F}</UniqueIdentifier>
    </Filter>
    <Filter Include="examples\Importers">
      <UniqueIdentifier>{41E97A0A-A53F-BD4A-8F93-8D9614088E92}</UniqueIdentifier>
    </Filter>
    <Filter Include="examples\Importers\ImportBsp">
      <UniqueIdentifier>{14D52273-0601-8044-9A2B-4D55B2F8EDD8}</UniqueIdentifier>
    </Filter>
    <Filter Include="examples\Importers\ImportBullet">
      <UniqueIdentifier>{C3497D65-A424-4940-99F4-592DCA2205A1}</UniqueIdentifier>
    </Filter>
    <Filter Include="examples\Importers\ImportColladaDemo">
      <UniqueIdentifier>{F31B34F4-AD9F-7C41-BAE2-FA8C373DB6A6}</UniqueIdentifier>
    </Filter>
    <Filter Include="examples\Importers\ImportObjDemo">
      <UniqueIdentifier>{20DD695A-0C9D-1D4C-906A-618CFC8AC1FA}</UniqueIdentifier>
    </Filter>
    <Filter Include="examples\Importers\ImportSTLDemo">
      <UniqueIdentifier>{12F7E5E9-7AA0-DD49-9770-085A306465F8}</UniqueIdentifier>
    </Filter>
    <Filter Include="examples\Importers\ImportURDFDemo">
      <UniqueIdentifier>{BBEDAF71-FE03-9541-882E-7DE843DDB716}</UniqueIdentifier>
    </Filter>
    <Filter Include="Extras">
      <UniqueIdentifier>{DEE4F224-A12C-2A47-9282-504EC97D1C17}</UniqueIdentifier>
    </Filter>
    <Filter Include="Extras\Serialize">
      <UniqueIdentifier>{AE580837-1467-6A49-81E3-ECAC0FC0ADDA}</UniqueIdentifier>
    </Filter>
    <Filter Include="Extras\Serialize\BulletWorldImporter">
      <UniqueIdentifier>{B76A6FC3-5514-CC46-92CD-D9389E83C430}</UniqueIdentifier>
    </Filter>
    <Filter Include="Extras\Serialize\BulletFileLoader">
      <UniqueIdentifier>{AC2BDD47-DD53-C041-BFF9-D300B2173CB4}</UniqueIdentifier>
    </Filter>
    <Filter Include="examples\Planar2D">
      <UniqueIdentifier>{1E0AFD2D-D306-8140-BD9B-601A33663BDD}</UniqueIdentifier>
    </Filter>
    <Filter Include="examples\RenderingExamples">
      <UniqueIdentifier>{C837C74A-9CB8-984E-9BC4-85743C75D00D}</UniqueIdentifier>
    </Filter>
    <Filter Include="examples\VoronoiFracture">
      <UniqueIdentifier>{5F676F94-43C8-AD44-B581-356B19F9FE36}</UniqueIdentifier>
    </Filter>
    <Filter Include="examples\SoftDemo">
      <UniqueIdentifier>{88F5E0A2-5531-8A49-945B-E55EAEA78A75}</UniqueIdentifier>
    </Filter>
    <Filter Include="examples\RollingFrictionDemo">
      <UniqueIdentifier>{345436F2-4D50-F440-B289-C9CD58E46E3E}</UniqueIdentifier>
    </Filter>
    <Filter Include="examples\FractureDemo">
      <UniqueIdentifier>{E2B1FAC3-086C-8346-8F23-AF670CE70E30}</UniqueIdentifier>
    </Filter>
    <Filter Include="examples\DynamicControlDemo">
      <UniqueIdentifier>{487FF861-526C-FB4D-B26D-41941B656438}</UniqueIdentifier>
    </Filter>
    <Filter Include="examples\Constraints">
      <UniqueIdentifier>{12916014-6129-EE49-87C3-9BD1E4808489}</UniqueIdentifier>
    </Filter>
    <Filter Include="examples\Vehicles">
      <UniqueIdentifier>{2C502D92-9F8F-7143-A91F-D9DC7E73C990}</UniqueIdentifier>
    </Filter>
    <Filter Include="examples\Raycast">
      <UniqueIdentifier>{7C88DF56-E9A6-3A4A-9961-D64A7E59D4B9}</UniqueIdentifier>
    </Filter>
    <Filter Include="examples\MultiBody">
      <UniqueIdentifier>{C530B84C-3668-8F47-9D77-4E79DD787809}</UniqueIdentifier>
    </Filter>
    <Filter Include="examples\ThirdPartyLibs\stb_image">
      <UniqueIdentifier>{4CD03C58-27E7-3844-9496-E8EBBF4C29AB}</UniqueIdentifier>
    </Filter>
    <Filter Include="examples\ThirdPartyLibs\Wavefront">
      <UniqueIdentifier>{7BBB8160-A39B-4C42-9F3A-E1A28C6F2660}</UniqueIdentifier>
    </Filter>
    <Filter Include="examples\ThirdPartyLibs\tinyxml">
      <UniqueIdentifier>{64A7A403-2789-0940-BE31-F3B0DF656746}</UniqueIdentifier>
    </Filter>
    <Filter Include="examples\Utils">
      <UniqueIdentifier>{DA7DA93B-44C2-A947-BD56-4DE8666148F2}</UniqueIdentifier>
    </Filter>
    <Filter Include="examples\GyroscopicDemo">
      <UniqueIdentifier>{ABBDB835-3E10-304E-9CF8-3537C712428B}</UniqueIdentifier>
    </Filter>
    <Filter Include="examples\ThirdPartyLibs\urdf">
      <UniqueIdentifier>{ADB309B8-E558-454A-BF0D-5AC2B954961E}</UniqueIdentifier>
    </Filter>
    <Filter Include="examples\ThirdPartyLibs\urdf\urdfdom">
      <UniqueIdentifier>{94229FA8-4FD4-9248-80C2-724E76301761}</UniqueIdentifier>
    </Filter>
    <Filter Include="examples\ThirdPartyLibs\urdf\urdfdom\urdf_parser">
      <UniqueIdentifier>{8F227F6F-5C65-CA4E-8CAC-821C23625E5C}</UniqueIdentifier>
    </Filter>
    <Filter Include="examples\ThirdPartyLibs\urdf\urdfdom\urdf_parser\src">
      <UniqueIdentifier>{E5C0D312-463D-4F44-B045-A3B52F438FEE}</UniqueIdentifier>
    </Filter>
    <Filter Include="examples\ThirdPartyLibs\urdf\urdfdom\urdf_parser\include">
      <UniqueIdentifier>{0A161064-C5DC-8E41-94E4-9BCB787E0492}</UniqueIdentifier>
    </Filter>
    <Filter Include="examples\ThirdPartyLibs\urdf\urdfdom\urdf_parser\include\urdf_parser">
      <UniqueIdentifier>{6AA4CA15-D990-7049-9110-F6160A5088EA}</UniqueIdentifier>
    </Filter>
    <Filter Include="examples\ThirdPartyLibs\urdf\urdfdom_headers">
      <UniqueIdentifier>{EFC8B8F5-B860-5E4B-B5F1-BD2B9282870C}</UniqueIdentifier>
    </Filter>
    <Filter Include="examples\ThirdPartyLibs\urdf\urdfdom_headers\urdf_exception">
      <UniqueIdentifier>{26CC902E-F3E1-5542-ACB6-A2D4DB91CA98}</UniqueIdentifier>
    </Filter>
    <Filter Include="examples\ThirdPartyLibs\urdf\urdfdom_headers\urdf_exception\include">
      <UniqueIdentifier>{0023A7E3-75C8-AC4A-B73E-E66644222BAF}</UniqueIdentifier>
    </Filter>
    <Filter Include="examples\ThirdPartyLibs\urdf\urdfdom_headers\urdf_exception\include\urdf_exception">
      <UniqueIdentifier>{D9F7C757-1083-0D4D-A04A-912C8FA31ED5}</UniqueIdentifier>
    </Filter>
    <Filter Include="examples\ThirdPartyLibs\urdf\urdfdom_headers\urdf_model">
      <UniqueIdentifier>{DBD855C8-AD27-6F4D-838A-6E45C2CBCFBC}</UniqueIdentifier>
    </Filter>
    <Filter Include="examples\ThirdPartyLibs\urdf\urdfdom_headers\urdf_model\include">
      <UniqueIdentifier>{B62A6A71-BD15-BB40-8269-0FE87376C3FD}</UniqueIdentifier>
    </Filter>
    <Filter Include="examples\ThirdPartyLibs\urdf\urdfdom_headers\urdf_model\include\urdf_model">
      <UniqueIdentifier>{FFDD093A-CE46-F142-8992-D35F3235F193}</UniqueIdentifier>
    </Filter>
    <Filter Include="examples\ThirdPartyLibs\urdf\boost_replacement">
      <UniqueIdentifier>{7776903E-B3BF-9743-8E4E-8E4097F0A490}</UniqueIdentifier>
    </Filter>
    <Filter Include="examples\OpenCL">
      <UniqueIdentifier>{4A380442-D325-D14F-9A0C-CBA9E3D75A01}</UniqueIdentifier>
    </Filter>
    <Filter Include="examples\OpenCL\broadphase">
      <UniqueIdentifier>{E38E4E7A-DCE8-A146-9B29-BB3172E55D80}</UniqueIdentifier>
    </Filter>
    <Filter Include="examples\OpenCL\CommonOpenCL">
      <UniqueIdentifier>{B26089C4-486D-D444-8828-4217D075D920}</UniqueIdentifier>
    </Filter>
    <Filter Include="examples\OpenCL\rigidbody">
      <UniqueIdentifier>{1A05D6EA-CF2D-BD46-84AB-9749F7400BA1}</UniqueIdentifier>
    </Filter>
  </ItemGroup>
  <ItemGroup>
    <None Include="..\..\Extras\Serialize\BulletWorldImporter\CMakeLists.txt">
      <Filter>Extras\Serialize\BulletWorldImporter</Filter>
    </None>
    <None Include="..\..\Extras\Serialize\BulletWorldImporter\premake4.lua">
      <Filter>Extras\Serialize\BulletWorldImporter</Filter>
    </None>
    <None Include="..\..\Extras\Serialize\BulletFileLoader\CMakeLists.txt">
      <Filter>Extras\Serialize\BulletFileLoader</Filter>
    </None>
    <None Include="..\..\Extras\Serialize\BulletFileLoader\premake4.lua">
      <Filter>Extras\Serialize\BulletFileLoader</Filter>
    </None>
    <None Include="..\..\examples\SoftDemo\bunny.inl">
      <Filter>examples\SoftDemo</Filter>
    </None>
    <None Include="..\..\examples\SoftDemo\cube.inl">
      <Filter>examples\SoftDemo</Filter>
    </None>
    <None Include="..\..\examples\OpenCL\broadphase\pairsKernel.cl">
      <Filter>examples\OpenCL\broadphase</Filter>
    </None>
  </ItemGroup>
  <ItemGroup>
    <ClInclude Include="..\..\src\clew\clew.h">
      <Filter>src\clew</Filter>
    </ClInclude>
    <ClInclude Include="..\..\examples\ExampleBrowser\EmptyBrowser.h">
      <Filter>examples\ExampleBrowser</Filter>
    </ClInclude>
    <ClInclude Include="..\..\examples\ExampleBrowser\EmptyExample.h">
      <Filter>examples\ExampleBrowser</Filter>
    </ClInclude>
    <ClInclude Include="..\..\examples\ExampleBrowser\ExampleBrowserInterface.h">
      <Filter>examples\ExampleBrowser</Filter>
    </ClInclude>
    <ClInclude Include="..\..\examples\ExampleBrowser\ExampleEntries.h">
      <Filter>examples\ExampleBrowser</Filter>
    </ClInclude>
    <ClInclude Include="..\..\examples\ExampleBrowser\GL_ShapeDrawer.h">
      <Filter>examples\ExampleBrowser</Filter>
    </ClInclude>
    <ClInclude Include="..\..\examples\ExampleBrowser\OpenGLExampleBrowser.h">
      <Filter>examples\ExampleBrowser</Filter>
    </ClInclude>
    <ClInclude Include="..\..\examples\ExampleBrowser\OpenGLGuiHelper.h">
      <Filter>examples\ExampleBrowser</Filter>
    </ClInclude>
    <ClInclude Include="..\..\examples\ExampleBrowser\GwenGUISupport\GraphingTexture.h">
      <Filter>examples\ExampleBrowser\GwenGUISupport</Filter>
    </ClInclude>
    <ClInclude Include="..\..\examples\ExampleBrowser\GwenGUISupport\gwenInternalData.h">
      <Filter>examples\ExampleBrowser\GwenGUISupport</Filter>
    </ClInclude>
    <ClInclude Include="..\..\examples\ExampleBrowser\GwenGUISupport\GwenParameterInterface.h">
      <Filter>examples\ExampleBrowser\GwenGUISupport</Filter>
    </ClInclude>
    <ClInclude Include="..\..\examples\ExampleBrowser\GwenGUISupport\GwenProfileWindow.h">
      <Filter>examples\ExampleBrowser\GwenGUISupport</Filter>
    </ClInclude>
    <ClInclude Include="..\..\examples\ExampleBrowser\GwenGUISupport\GwenTextureWindow.h">
      <Filter>examples\ExampleBrowser\GwenGUISupport</Filter>
    </ClInclude>
    <ClInclude Include="..\..\examples\ExampleBrowser\GwenGUISupport\gwenUserInterface.h">
      <Filter>examples\ExampleBrowser\GwenGUISupport</Filter>
    </ClInclude>
    <ClInclude Include="..\..\examples\SharedMemory\PhysicsClientC_API.h">
      <Filter>examples\SharedMemory</Filter>
    </ClInclude>
    <ClInclude Include="..\..\examples\BasicDemo\BasicExample.h">
      <Filter>examples\BasicDemo</Filter>
    </ClInclude>
    <ClInclude Include="..\..\examples\Tutorial\Dof6ConstraintTutorial.h">
      <Filter>examples\Tutorial</Filter>
    </ClInclude>
    <ClInclude Include="..\..\examples\Tutorial\Tutorial.h">
      <Filter>examples\Tutorial</Filter>
    </ClInclude>
    <ClInclude Include="..\..\examples\Benchmarks\BenchmarkDemo.h">
      <Filter>examples\Benchmarks</Filter>
    </ClInclude>
    <ClInclude Include="..\..\examples\Benchmarks\landscapeData.h">
      <Filter>examples\Benchmarks</Filter>
    </ClInclude>
    <ClInclude Include="..\..\examples\Benchmarks\TaruData.h">
      <Filter>examples\Benchmarks</Filter>
    </ClInclude>
    <ClInclude Include="..\..\examples\CommonInterfaces\Common2dCanvasInterface.h">
      <Filter>examples\CommonInterfaces</Filter>
    </ClInclude>
    <ClInclude Include="..\..\examples\CommonInterfaces\CommonCameraInterface.h">
      <Filter>examples\CommonInterfaces</Filter>
    </ClInclude>
    <ClInclude Include="..\..\examples\CommonInterfaces\CommonExampleInterface.h">
      <Filter>examples\CommonInterfaces</Filter>
    </ClInclude>
    <ClInclude Include="..\..\examples\CommonInterfaces\CommonGraphicsAppInterface.h">
      <Filter>examples\CommonInterfaces</Filter>
    </ClInclude>
    <ClInclude Include="..\..\examples\CommonInterfaces\CommonGUIHelperInterface.h">
      <Filter>examples\CommonInterfaces</Filter>
    </ClInclude>
    <ClInclude Include="..\..\examples\CommonInterfaces\CommonMultiBodyBase.h">
      <Filter>examples\CommonInterfaces</Filter>
    </ClInclude>
    <ClInclude Include="..\..\examples\CommonInterfaces\CommonParameterInterface.h">
      <Filter>examples\CommonInterfaces</Filter>
    </ClInclude>
    <ClInclude Include="..\..\examples\CommonInterfaces\CommonRenderInterface.h">
      <Filter>examples\CommonInterfaces</Filter>
    </ClInclude>
    <ClInclude Include="..\..\examples\CommonInterfaces\CommonRigidBodyBase.h">
      <Filter>examples\CommonInterfaces</Filter>
    </ClInclude>
    <ClInclude Include="..\..\examples\CommonInterfaces\CommonWindowInterface.h">
      <Filter>examples\CommonInterfaces</Filter>
    </ClInclude>
    <ClInclude Include="..\..\examples\ForkLift\ForkLiftDemo.h">
      <Filter>examples\ForkLift</Filter>
    </ClInclude>
    <ClInclude Include="..\..\examples\Importers\ImportBsp\BspConverter.h">
      <Filter>examples\Importers\ImportBsp</Filter>
    </ClInclude>
    <ClInclude Include="..\..\examples\Importers\ImportBsp\BspLoader.h">
      <Filter>examples\Importers\ImportBsp</Filter>
    </ClInclude>
    <ClInclude Include="..\..\examples\Importers\ImportBsp\ImportBspExample.h">
      <Filter>examples\Importers\ImportBsp</Filter>
    </ClInclude>
    <ClInclude Include="..\..\examples\Importers\ImportBullet\SerializeSetup.h">
      <Filter>examples\Importers\ImportBullet</Filter>
    </ClInclude>
    <ClInclude Include="..\..\examples\Importers\ImportColladaDemo\btMatrix4x4.h">
      <Filter>examples\Importers\ImportColladaDemo</Filter>
    </ClInclude>
    <ClInclude Include="..\..\examples\Importers\ImportColladaDemo\ColladaGraphicsInstance.h">
      <Filter>examples\Importers\ImportColladaDemo</Filter>
    </ClInclude>
    <ClInclude Include="..\..\examples\Importers\ImportColladaDemo\ImportColladaSetup.h">
      <Filter>examples\Importers\ImportColladaDemo</Filter>
    </ClInclude>
    <ClInclude Include="..\..\examples\Importers\ImportColladaDemo\LoadMeshFromCollada.h">
      <Filter>examples\Importers\ImportColladaDemo</Filter>
    </ClInclude>
    <ClInclude Include="..\..\examples\Importers\ImportObjDemo\ImportObjExample.h">
      <Filter>examples\Importers\ImportObjDemo</Filter>
    </ClInclude>
    <ClInclude Include="..\..\examples\Importers\ImportObjDemo\LoadMeshFromObj.h">
      <Filter>examples\Importers\ImportObjDemo</Filter>
    </ClInclude>
    <ClInclude Include="..\..\examples\Importers\ImportObjDemo\Wavefront2GLInstanceGraphicsShape.h">
      <Filter>examples\Importers\ImportObjDemo</Filter>
    </ClInclude>
    <ClInclude Include="..\..\examples\Importers\ImportSTLDemo\ImportSTLSetup.h">
      <Filter>examples\Importers\ImportSTLDemo</Filter>
    </ClInclude>
    <ClInclude Include="..\..\examples\Importers\ImportSTLDemo\LoadMeshFromSTL.h">
      <Filter>examples\Importers\ImportSTLDemo</Filter>
    </ClInclude>
    <ClInclude Include="..\..\examples\Importers\ImportURDFDemo\BulletUrdfImporter.h">
      <Filter>examples\Importers\ImportURDFDemo</Filter>
    </ClInclude>
    <ClInclude Include="..\..\examples\Importers\ImportURDFDemo\ConvertRigidBodies2MultiBody.h">
      <Filter>examples\Importers\ImportURDFDemo</Filter>
    </ClInclude>
    <ClInclude Include="..\..\examples\Importers\ImportURDFDemo\ImportURDFSetup.h">
      <Filter>examples\Importers\ImportURDFDemo</Filter>
    </ClInclude>
    <ClInclude Include="..\..\examples\Importers\ImportURDFDemo\MultiBodyCreationInterface.h">
      <Filter>examples\Importers\ImportURDFDemo</Filter>
    </ClInclude>
    <ClInclude Include="..\..\examples\Importers\ImportURDFDemo\MyMultiBodyCreator.h">
      <Filter>examples\Importers\ImportURDFDemo</Filter>
    </ClInclude>
    <ClInclude Include="..\..\examples\Importers\ImportURDFDemo\ROSURDFImporter.h">
      <Filter>examples\Importers\ImportURDFDemo</Filter>
    </ClInclude>
    <ClInclude Include="..\..\examples\Importers\ImportURDFDemo\URDF2Bullet.h">
      <Filter>examples\Importers\ImportURDFDemo</Filter>
    </ClInclude>
    <ClInclude Include="..\..\examples\Importers\ImportURDFDemo\URDFImporterInterface.h">
      <Filter>examples\Importers\ImportURDFDemo</Filter>
    </ClInclude>
    <ClInclude Include="..\..\examples\Importers\ImportURDFDemo\URDFJointTypes.h">
      <Filter>examples\Importers\ImportURDFDemo</Filter>
    </ClInclude>
    <ClInclude Include="..\..\examples\Importers\ImportURDFDemo\urdfLexicalCast.h">
      <Filter>examples\Importers\ImportURDFDemo</Filter>
    </ClInclude>
    <ClInclude Include="..\..\examples\Importers\ImportURDFDemo\UrdfParser.h">
      <Filter>examples\Importers\ImportURDFDemo</Filter>
    </ClInclude>
    <ClInclude Include="..\..\examples\Importers\ImportURDFDemo\urdfStringSplit.h">
      <Filter>examples\Importers\ImportURDFDemo</Filter>
    </ClInclude>
    <ClInclude Include="..\..\examples\Importers\ImportURDFDemo\urdf_samples.h">
      <Filter>examples\Importers\ImportURDFDemo</Filter>
    </ClInclude>
    <ClInclude Include="..\..\Extras\Serialize\BulletWorldImporter\btBulletWorldImporter.h">
      <Filter>Extras\Serialize\BulletWorldImporter</Filter>
    </ClInclude>
    <ClInclude Include="..\..\Extras\Serialize\BulletWorldImporter\btWorldImporter.h">
      <Filter>Extras\Serialize\BulletWorldImporter</Filter>
    </ClInclude>
    <ClInclude Include="..\..\Extras\Serialize\BulletFileLoader\bChunk.h">
      <Filter>Extras\Serialize\BulletFileLoader</Filter>
    </ClInclude>
    <ClInclude Include="..\..\Extras\Serialize\BulletFileLoader\bCommon.h">
      <Filter>Extras\Serialize\BulletFileLoader</Filter>
    </ClInclude>
    <ClInclude Include="..\..\Extras\Serialize\BulletFileLoader\bDefines.h">
      <Filter>Extras\Serialize\BulletFileLoader</Filter>
    </ClInclude>
    <ClInclude Include="..\..\Extras\Serialize\BulletFileLoader\bDNA.h">
      <Filter>Extras\Serialize\BulletFileLoader</Filter>
    </ClInclude>
    <ClInclude Include="..\..\Extras\Serialize\BulletFileLoader\bFile.h">
      <Filter>Extras\Serialize\BulletFileLoader</Filter>
    </ClInclude>
    <ClInclude Include="..\..\Extras\Serialize\BulletFileLoader\btBulletFile.h">
      <Filter>Extras\Serialize\BulletFileLoader</Filter>
    </ClInclude>
    <ClInclude Include="..\..\examples\Planar2D\Planar2D.h">
      <Filter>examples\Planar2D</Filter>
    </ClInclude>
    <ClInclude Include="..\..\examples\RenderingExamples\CoordinateSystemDemo.h">
      <Filter>examples\RenderingExamples</Filter>
    </ClInclude>
    <ClInclude Include="..\..\examples\RenderingExamples\RaytracerSetup.h">
      <Filter>examples\RenderingExamples</Filter>
    </ClInclude>
    <ClInclude Include="..\..\examples\RenderingExamples\RenderInstancingDemo.h">
      <Filter>examples\RenderingExamples</Filter>
    </ClInclude>
    <ClInclude Include="..\..\examples\RenderingExamples\TimeSeriesCanvas.h">
      <Filter>examples\RenderingExamples</Filter>
    </ClInclude>
    <ClInclude Include="..\..\examples\RenderingExamples\TimeSeriesExample.h">
      <Filter>examples\RenderingExamples</Filter>
    </ClInclude>
    <ClInclude Include="..\..\examples\RenderingExamples\TimeSeriesFontData.h">
      <Filter>examples\RenderingExamples</Filter>
    </ClInclude>
    <ClInclude Include="..\..\examples\VoronoiFracture\btConvexConvexMprAlgorithm.h">
      <Filter>examples\VoronoiFracture</Filter>
    </ClInclude>
    <ClInclude Include="..\..\examples\VoronoiFracture\VoronoiFractureDemo.h">
      <Filter>examples\VoronoiFracture</Filter>
    </ClInclude>
    <ClInclude Include="..\..\examples\SoftDemo\BunnyMesh.h">
      <Filter>examples\SoftDemo</Filter>
    </ClInclude>
    <ClInclude Include="..\..\examples\SoftDemo\SoftDemo.h">
      <Filter>examples\SoftDemo</Filter>
    </ClInclude>
    <ClInclude Include="..\..\examples\SoftDemo\TorusMesh.h">
      <Filter>examples\SoftDemo</Filter>
    </ClInclude>
    <ClInclude Include="..\..\examples\RollingFrictionDemo\RollingFrictionDemo.h">
      <Filter>examples\RollingFrictionDemo</Filter>
    </ClInclude>
    <ClInclude Include="..\..\examples\FractureDemo\btFractureBody.h">
      <Filter>examples\FractureDemo</Filter>
    </ClInclude>
    <ClInclude Include="..\..\examples\FractureDemo\btFractureDynamicsWorld.h">
      <Filter>examples\FractureDemo</Filter>
    </ClInclude>
    <ClInclude Include="..\..\examples\FractureDemo\FractureDemo.h">
      <Filter>examples\FractureDemo</Filter>
    </ClInclude>
    <ClInclude Include="..\..\examples\DynamicControlDemo\MotorDemo.h">
      <Filter>examples\DynamicControlDemo</Filter>
    </ClInclude>
    <ClInclude Include="..\..\examples\Constraints\ConstraintDemo.h">
      <Filter>examples\Constraints</Filter>
    </ClInclude>
    <ClInclude Include="..\..\examples\Constraints\ConstraintPhysicsSetup.h">
      <Filter>examples\Constraints</Filter>
    </ClInclude>
    <ClInclude Include="..\..\examples\Constraints\Dof6Spring2Setup.h">
      <Filter>examples\Constraints</Filter>
    </ClInclude>
    <ClInclude Include="..\..\examples\Constraints\TestHingeTorque.h">
      <Filter>examples\Constraints</Filter>
    </ClInclude>
    <ClInclude Include="..\..\examples\Vehicles\Hinge2Vehicle.h">
      <Filter>examples\Vehicles</Filter>
    </ClInclude>
    <ClInclude Include="..\..\examples\Raycast\RaytestDemo.h">
      <Filter>examples\Raycast</Filter>
    </ClInclude>
    <ClInclude Include="..\..\examples\ThirdPartyLibs\stb_image\stb_image.h">
      <Filter>examples\ThirdPartyLibs\stb_image</Filter>
    </ClInclude>
    <ClInclude Include="..\..\examples\ThirdPartyLibs\Wavefront\tiny_obj_loader.h">
      <Filter>examples\ThirdPartyLibs\Wavefront</Filter>
    </ClInclude>
    <ClInclude Include="..\..\examples\ThirdPartyLibs\tinyxml\tinystr.h">
      <Filter>examples\ThirdPartyLibs\tinyxml</Filter>
    </ClInclude>
    <ClInclude Include="..\..\examples\ThirdPartyLibs\tinyxml\tinyxml.h">
      <Filter>examples\ThirdPartyLibs\tinyxml</Filter>
    </ClInclude>
    <ClInclude Include="..\..\examples\Utils\b3Clock.h">
      <Filter>examples\Utils</Filter>
    </ClInclude>
    <ClInclude Include="..\..\examples\Utils\b3ResourcePath.h">
      <Filter>examples\Utils</Filter>
    </ClInclude>
    <ClInclude Include="..\..\examples\GyroscopicDemo\GyroscopicSetup.h">
      <Filter>examples\GyroscopicDemo</Filter>
    </ClInclude>
    <ClInclude Include="..\..\examples\ThirdPartyLibs\urdf\urdfdom\urdf_parser\include\urdf_parser\urdf_parser.h">
      <Filter>examples\ThirdPartyLibs\urdf\urdfdom\urdf_parser\include\urdf_parser</Filter>
    </ClInclude>
    <ClInclude Include="..\..\examples\ThirdPartyLibs\urdf\urdfdom_headers\urdf_exception\include\urdf_exception\exception.h">
      <Filter>examples\ThirdPartyLibs\urdf\urdfdom_headers\urdf_exception\include\urdf_exception</Filter>
    </ClInclude>
    <ClInclude Include="..\..\examples\ThirdPartyLibs\urdf\urdfdom_headers\urdf_model\include\urdf_model\pose.h">
      <Filter>examples\ThirdPartyLibs\urdf\urdfdom_headers\urdf_model\include\urdf_model</Filter>
    </ClInclude>
    <ClInclude Include="..\..\examples\ThirdPartyLibs\urdf\urdfdom_headers\urdf_model\include\urdf_model\model.h">
      <Filter>examples\ThirdPartyLibs\urdf\urdfdom_headers\urdf_model\include\urdf_model</Filter>
    </ClInclude>
    <ClInclude Include="..\..\examples\ThirdPartyLibs\urdf\urdfdom_headers\urdf_model\include\urdf_model\link.h">
      <Filter>examples\ThirdPartyLibs\urdf\urdfdom_headers\urdf_model\include\urdf_model</Filter>
    </ClInclude>
    <ClInclude Include="..\..\examples\ThirdPartyLibs\urdf\urdfdom_headers\urdf_model\include\urdf_model\joint.h">
      <Filter>examples\ThirdPartyLibs\urdf\urdfdom_headers\urdf_model\include\urdf_model</Filter>
    </ClInclude>
    <ClInclude Include="..\..\examples\ThirdPartyLibs\urdf\boost_replacement\lexical_cast.h">
      <Filter>examples\ThirdPartyLibs\urdf\boost_replacement</Filter>
    </ClInclude>
    <ClInclude Include="..\..\examples\ThirdPartyLibs\urdf\boost_replacement\shared_ptr.h">
      <Filter>examples\ThirdPartyLibs\urdf\boost_replacement</Filter>
    </ClInclude>
    <ClInclude Include="..\..\examples\ThirdPartyLibs\urdf\boost_replacement\printf_console.h">
      <Filter>examples\ThirdPartyLibs\urdf\boost_replacement</Filter>
    </ClInclude>
    <ClInclude Include="..\..\examples\ThirdPartyLibs\urdf\boost_replacement\string_split.h">
      <Filter>examples\ThirdPartyLibs\urdf\boost_replacement</Filter>
    </ClInclude>
    <ClInclude Include="..\..\examples\OpenCL\broadphase\PairBench.h">
      <Filter>examples\OpenCL\broadphase</Filter>
    </ClInclude>
    <ClInclude Include="..\..\examples\OpenCL\broadphase\pairsKernel.h">
      <Filter>examples\OpenCL\broadphase</Filter>
    </ClInclude>
    <ClInclude Include="..\..\examples\OpenCL\CommonOpenCL\CommonOpenCLBase.h">
      <Filter>examples\OpenCL\CommonOpenCL</Filter>
    </ClInclude>
    <ClInclude Include="..\..\examples\OpenCL\CommonOpenCL\GpuDemoInternalData.h">
      <Filter>examples\OpenCL\CommonOpenCL</Filter>
    </ClInclude>
  </ItemGroup>
  <ItemGroup>
    <ClCompile Include="..\..\src\clew\clew.c">
      <Filter>src\clew</Filter>
    </ClCompile>
    <ClCompile Include="..\..\examples\ThirdPartyLibs\Glew\glew.c">
      <Filter>examples\ThirdPartyLibs\Glew</Filter>
    </ClCompile>
    <ClCompile Include="..\..\examples\ExampleBrowser\ExampleEntries.cpp">
      <Filter>examples\ExampleBrowser</Filter>
    </ClCompile>
    <ClCompile Include="..\..\examples\ExampleBrowser\GL_ShapeDrawer.cpp">
      <Filter>examples\ExampleBrowser</Filter>
    </ClCompile>
    <ClCompile Include="..\..\examples\ExampleBrowser\main.cpp">
      <Filter>examples\ExampleBrowser</Filter>
    </ClCompile>
    <ClCompile Include="..\..\examples\ExampleBrowser\OpenGLExampleBrowser.cpp">
      <Filter>examples\ExampleBrowser</Filter>
    </ClCompile>
    <ClCompile Include="..\..\examples\ExampleBrowser\OpenGLGuiHelper.cpp">
      <Filter>examples\ExampleBrowser</Filter>
    </ClCompile>
    <ClCompile Include="..\..\examples\ExampleBrowser\GwenGUISupport\GraphingTexture.cpp">
      <Filter>examples\ExampleBrowser\GwenGUISupport</Filter>
    </ClCompile>
    <ClCompile Include="..\..\examples\ExampleBrowser\GwenGUISupport\GwenParameterInterface.cpp">
      <Filter>examples\ExampleBrowser\GwenGUISupport</Filter>
    </ClCompile>
    <ClCompile Include="..\..\examples\ExampleBrowser\GwenGUISupport\GwenProfileWindow.cpp">
      <Filter>examples\ExampleBrowser\GwenGUISupport</Filter>
    </ClCompile>
    <ClCompile Include="..\..\examples\ExampleBrowser\GwenGUISupport\GwenTextureWindow.cpp">
      <Filter>examples\ExampleBrowser\GwenGUISupport</Filter>
    </ClCompile>
    <ClCompile Include="..\..\examples\ExampleBrowser\GwenGUISupport\gwenUserInterface.cpp">
      <Filter>examples\ExampleBrowser\GwenGUISupport</Filter>
    </ClCompile>
    <ClCompile Include="..\..\examples\SharedMemory\PhysicsClientC_API.cpp">
      <Filter>examples\SharedMemory</Filter>
    </ClCompile>
    <ClCompile Include="..\..\examples\SharedMemory\PhysicsServerExample.cpp">
      <Filter>examples\SharedMemory</Filter>
    </ClCompile>
    <ClCompile Include="..\..\examples\SharedMemory\PhysicsClientExample.cpp">
      <Filter>examples\SharedMemory</Filter>
    </ClCompile>
    <ClCompile Include="..\..\examples\SharedMemory\RobotControlExample.cpp">
      <Filter>examples\SharedMemory</Filter>
    </ClCompile>
    <ClCompile Include="..\..\examples\SharedMemory\PhysicsServer.cpp">
      <Filter>examples\SharedMemory</Filter>
    </ClCompile>
    <ClCompile Include="..\..\examples\SharedMemory\PhysicsClient.cpp">
      <Filter>examples\SharedMemory</Filter>
    </ClCompile>
    <ClCompile Include="..\..\examples\SharedMemory\PosixSharedMemory.cpp">
      <Filter>examples\SharedMemory</Filter>
    </ClCompile>
    <ClCompile Include="..\..\examples\SharedMemory\Win32SharedMemory.cpp">
      <Filter>examples\SharedMemory</Filter>
    </ClCompile>
    <ClCompile Include="..\..\examples\BasicDemo\BasicExample.cpp">
      <Filter>examples\BasicDemo</Filter>
    </ClCompile>
    <ClCompile Include="..\..\examples\Tutorial\Dof6ConstraintTutorial.cpp">
      <Filter>examples\Tutorial</Filter>
    </ClCompile>
    <ClCompile Include="..\..\examples\Tutorial\Tutorial.cpp">
      <Filter>examples\Tutorial</Filter>
    </ClCompile>
    <ClCompile Include="..\..\examples\Benchmarks\BenchmarkDemo.cpp">
      <Filter>examples\Benchmarks</Filter>
    </ClCompile>
    <ClCompile Include="..\..\examples\ForkLift\ForkLiftDemo.cpp">
      <Filter>examples\ForkLift</Filter>
    </ClCompile>
    <ClCompile Include="..\..\examples\Importers\ImportBsp\BspConverter.cpp">
      <Filter>examples\Importers\ImportBsp</Filter>
    </ClCompile>
    <ClCompile Include="..\..\examples\Importers\ImportBsp\BspLoader.cpp">
      <Filter>examples\Importers\ImportBsp</Filter>
    </ClCompile>
    <ClCompile Include="..\..\examples\Importers\ImportBsp\ImportBspExample.cpp">
      <Filter>examples\Importers\ImportBsp</Filter>
    </ClCompile>
    <ClCompile Include="..\..\examples\Importers\ImportBullet\SerializeSetup.cpp">
      <Filter>examples\Importers\ImportBullet</Filter>
    </ClCompile>
    <ClCompile Include="..\..\examples\Importers\ImportColladaDemo\ImportColladaSetup.cpp">
      <Filter>examples\Importers\ImportColladaDemo</Filter>
    </ClCompile>
    <ClCompile Include="..\..\examples\Importers\ImportColladaDemo\LoadMeshFromCollada.cpp">
      <Filter>examples\Importers\ImportColladaDemo</Filter>
    </ClCompile>
    <ClCompile Include="..\..\examples\Importers\ImportObjDemo\ImportObjExample.cpp">
      <Filter>examples\Importers\ImportObjDemo</Filter>
    </ClCompile>
    <ClCompile Include="..\..\examples\Importers\ImportObjDemo\LoadMeshFromObj.cpp">
      <Filter>examples\Importers\ImportObjDemo</Filter>
    </ClCompile>
    <ClCompile Include="..\..\examples\Importers\ImportObjDemo\Wavefront2GLInstanceGraphicsShape.cpp">
      <Filter>examples\Importers\ImportObjDemo</Filter>
    </ClCompile>
    <ClCompile Include="..\..\examples\Importers\ImportSTLDemo\ImportSTLSetup.cpp">
      <Filter>examples\Importers\ImportSTLDemo</Filter>
    </ClCompile>
    <ClCompile Include="..\..\examples\Importers\ImportURDFDemo\BulletUrdfImporter.cpp">
      <Filter>examples\Importers\ImportURDFDemo</Filter>
    </ClCompile>
    <ClCompile Include="..\..\examples\Importers\ImportURDFDemo\ImportURDFSetup.cpp">
      <Filter>examples\Importers\ImportURDFDemo</Filter>
    </ClCompile>
    <ClCompile Include="..\..\examples\Importers\ImportURDFDemo\MyMultiBodyCreator.cpp">
      <Filter>examples\Importers\ImportURDFDemo</Filter>
    </ClCompile>
    <ClCompile Include="..\..\examples\Importers\ImportURDFDemo\ROSURDFImporter.cpp">
      <Filter>examples\Importers\ImportURDFDemo</Filter>
    </ClCompile>
    <ClCompile Include="..\..\examples\Importers\ImportURDFDemo\URDF2Bullet.cpp">
      <Filter>examples\Importers\ImportURDFDemo</Filter>
    </ClCompile>
    <ClCompile Include="..\..\examples\Importers\ImportURDFDemo\UrdfParser.cpp">
      <Filter>examples\Importers\ImportURDFDemo</Filter>
    </ClCompile>
    <ClCompile Include="..\..\examples\Importers\ImportURDFDemo\urdfStringSplit.cpp">
      <Filter>examples\Importers\ImportURDFDemo</Filter>
    </ClCompile>
    <ClCompile Include="..\..\Extras\Serialize\BulletWorldImporter\btBulletWorldImporter.cpp">
      <Filter>Extras\Serialize\BulletWorldImporter</Filter>
    </ClCompile>
    <ClCompile Include="..\..\Extras\Serialize\BulletWorldImporter\btWorldImporter.cpp">
      <Filter>Extras\Serialize\BulletWorldImporter</Filter>
    </ClCompile>
    <ClCompile Include="..\..\Extras\Serialize\BulletFileLoader\bChunk.cpp">
      <Filter>Extras\Serialize\BulletFileLoader</Filter>
    </ClCompile>
    <ClCompile Include="..\..\Extras\Serialize\BulletFileLoader\bDNA.cpp">
      <Filter>Extras\Serialize\BulletFileLoader</Filter>
    </ClCompile>
    <ClCompile Include="..\..\Extras\Serialize\BulletFileLoader\bFile.cpp">
      <Filter>Extras\Serialize\BulletFileLoader</Filter>
    </ClCompile>
    <ClCompile Include="..\..\Extras\Serialize\BulletFileLoader\btBulletFile.cpp">
      <Filter>Extras\Serialize\BulletFileLoader</Filter>
    </ClCompile>
    <ClCompile Include="..\..\examples\Planar2D\Planar2D.cpp">
      <Filter>examples\Planar2D</Filter>
    </ClCompile>
    <ClCompile Include="..\..\examples\RenderingExamples\CoordinateSystemDemo.cpp">
      <Filter>examples\RenderingExamples</Filter>
    </ClCompile>
    <ClCompile Include="..\..\examples\RenderingExamples\RaytracerSetup.cpp">
      <Filter>examples\RenderingExamples</Filter>
    </ClCompile>
    <ClCompile Include="..\..\examples\RenderingExamples\RenderInstancingDemo.cpp">
      <Filter>examples\RenderingExamples</Filter>
    </ClCompile>
    <ClCompile Include="..\..\examples\RenderingExamples\TimeSeriesCanvas.cpp">
      <Filter>examples\RenderingExamples</Filter>
    </ClCompile>
    <ClCompile Include="..\..\examples\RenderingExamples\TimeSeriesExample.cpp">
      <Filter>examples\RenderingExamples</Filter>
    </ClCompile>
    <ClCompile Include="..\..\examples\RenderingExamples\TimeSeriesFontData.cpp">
      <Filter>examples\RenderingExamples</Filter>
    </ClCompile>
    <ClCompile Include="..\..\examples\VoronoiFracture\btConvexConvexMprAlgorithm.cpp">
      <Filter>examples\VoronoiFracture</Filter>
    </ClCompile>
    <ClCompile Include="..\..\examples\VoronoiFracture\VoronoiFractureDemo.cpp">
      <Filter>examples\VoronoiFracture</Filter>
    </ClCompile>
    <ClCompile Include="..\..\examples\SoftDemo\SoftDemo.cpp">
      <Filter>examples\SoftDemo</Filter>
    </ClCompile>
    <ClCompile Include="..\..\examples\RollingFrictionDemo\RollingFrictionDemo.cpp">
      <Filter>examples\RollingFrictionDemo</Filter>
    </ClCompile>
    <ClCompile Include="..\..\examples\FractureDemo\btFractureBody.cpp">
      <Filter>examples\FractureDemo</Filter>
    </ClCompile>
    <ClCompile Include="..\..\examples\FractureDemo\btFractureDynamicsWorld.cpp">
      <Filter>examples\FractureDemo</Filter>
    </ClCompile>
    <ClCompile Include="..\..\examples\FractureDemo\FractureDemo.cpp">
      <Filter>examples\FractureDemo</Filter>
    </ClCompile>
    <ClCompile Include="..\..\examples\DynamicControlDemo\MotorDemo.cpp">
      <Filter>examples\DynamicControlDemo</Filter>
    </ClCompile>
    <ClCompile Include="..\..\examples\Constraints\ConstraintDemo.cpp">
      <Filter>examples\Constraints</Filter>
    </ClCompile>
    <ClCompile Include="..\..\examples\Constraints\ConstraintPhysicsSetup.cpp">
      <Filter>examples\Constraints</Filter>
    </ClCompile>
    <ClCompile Include="..\..\examples\Constraints\Dof6Spring2Setup.cpp">
      <Filter>examples\Constraints</Filter>
    </ClCompile>
    <ClCompile Include="..\..\examples\Constraints\TestHingeTorque.cpp">
      <Filter>examples\Constraints</Filter>
    </ClCompile>
    <ClCompile Include="..\..\examples\Vehicles\Hinge2Vehicle.cpp">
      <Filter>examples\Vehicles</Filter>
    </ClCompile>
    <ClCompile Include="..\..\examples\Raycast\RaytestDemo.cpp">
      <Filter>examples\Raycast</Filter>
    </ClCompile>
    <ClCompile Include="..\..\examples\MultiBody\MultiDofDemo.cpp">
      <Filter>examples\MultiBody</Filter>
    </ClCompile>
    <ClCompile Include="..\..\examples\MultiBody\TestJointTorqueSetup.cpp">
      <Filter>examples\MultiBody</Filter>
    </ClCompile>
    <ClCompile Include="..\..\examples\MultiBody\MultiBodyConstraintFeedback.cpp">
      <Filter>examples\MultiBody</Filter>
    </ClCompile>
    <ClCompile Include="..\..\examples\MultiBody\InvertedPendulumPDControl.cpp">
      <Filter>examples\MultiBody</Filter>
    </ClCompile>
    <ClCompile Include="..\..\examples\ThirdPartyLibs\stb_image\stb_image.cpp">
      <Filter>examples\ThirdPartyLibs\stb_image</Filter>
    </ClCompile>
    <ClCompile Include="..\..\examples\ThirdPartyLibs\Wavefront\tiny_obj_loader.cpp">
      <Filter>examples\ThirdPartyLibs\Wavefront</Filter>
    </ClCompile>
    <ClCompile Include="..\..\examples\ThirdPartyLibs\tinyxml\tinystr.cpp">
      <Filter>examples\ThirdPartyLibs\tinyxml</Filter>
    </ClCompile>
    <ClCompile Include="..\..\examples\ThirdPartyLibs\tinyxml\tinyxml.cpp">
      <Filter>examples\ThirdPartyLibs\tinyxml</Filter>
    </ClCompile>
    <ClCompile Include="..\..\examples\ThirdPartyLibs\tinyxml\tinyxmlerror.cpp">
      <Filter>examples\ThirdPartyLibs\tinyxml</Filter>
    </ClCompile>
    <ClCompile Include="..\..\examples\ThirdPartyLibs\tinyxml\tinyxmlparser.cpp">
      <Filter>examples\ThirdPartyLibs\tinyxml</Filter>
    </ClCompile>
    <ClCompile Include="..\..\examples\Utils\b3Clock.cpp">
      <Filter>examples\Utils</Filter>
    </ClCompile>
    <ClCompile Include="..\..\examples\Utils\b3ResourcePath.cpp">
      <Filter>examples\Utils</Filter>
    </ClCompile>
    <ClCompile Include="..\..\examples\GyroscopicDemo\GyroscopicSetup.cpp">
      <Filter>examples\GyroscopicDemo</Filter>
    </ClCompile>
    <ClCompile Include="..\..\examples\ThirdPartyLibs\urdf\urdfdom\urdf_parser\src\pose.cpp">
      <Filter>examples\ThirdPartyLibs\urdf\urdfdom\urdf_parser\src</Filter>
    </ClCompile>
    <ClCompile Include="..\..\examples\ThirdPartyLibs\urdf\urdfdom\urdf_parser\src\model.cpp">
      <Filter>examples\ThirdPartyLibs\urdf\urdfdom\urdf_parser\src</Filter>
    </ClCompile>
    <ClCompile Include="..\..\examples\ThirdPartyLibs\urdf\urdfdom\urdf_parser\src\link.cpp">
      <Filter>examples\ThirdPartyLibs\urdf\urdfdom\urdf_parser\src</Filter>
    </ClCompile>
    <ClCompile Include="..\..\examples\ThirdPartyLibs\urdf\urdfdom\urdf_parser\src\joint.cpp">
      <Filter>examples\ThirdPartyLibs\urdf\urdfdom\urdf_parser\src</Filter>
    </ClCompile>
    <ClCompile Include="..\..\examples\ThirdPartyLibs\urdf\boost_replacement\printf_console.cpp">
      <Filter>examples\ThirdPartyLibs\urdf\boost_replacement</Filter>
    </ClCompile>
    <ClCompile Include="..\..\examples\ThirdPartyLibs\urdf\boost_replacement\string_split.cpp">
      <Filter>examples\ThirdPartyLibs\urdf\boost_replacement</Filter>
    </ClCompile>
    <ClCompile Include="..\..\examples\OpenCL\broadphase\PairBench.cpp">
      <Filter>examples\OpenCL\broadphase</Filter>
    </ClCompile>
    <ClCompile Include="..\..\examples\OpenCL\rigidbody\GpuConvexScene.cpp">
      <Filter>examples\OpenCL\rigidbody</Filter>
    </ClCompile>
    <ClCompile Include="..\..\examples\OpenCL\rigidbody\GpuRigidBodyDemo.cpp">
      <Filter>examples\OpenCL\rigidbody</Filter>
    </ClCompile>
  </ItemGroup>
</Project>
