<?xml version="1.0" encoding="utf-8"?>
<Project ToolsVersion="4.0" xmlns="http://schemas.microsoft.com/developer/msbuild/2003">
  <ItemGroup>
    <Filter Include="Extras">
      <UniqueIdentifier>{1E189B9D-E199-5D4C-BDA3-52439B2D57E7}</UniqueIdentifier>
    </Filter>
    <Filter Include="Extras\HACD">
      <UniqueIdentifier>{F469C5D7-4F7B-7F4B-8E9B-27C5E771442A}</UniqueIdentifier>
    </Filter>
  </ItemGroup>
  <ItemGroup>
    <ClInclude Include="..\..\Extras\HACD\hacdCircularList.h">
      <Filter>Extras\HACD</Filter>
    </ClInclude>
    <ClInclude Include="..\..\Extras\HACD\hacdGraph.h">
      <Filter>Extras\HACD</Filter>
    </ClInclude>
    <ClInclude Include="..\..\Extras\HACD\hacdHACD.h">
      <Filter>Extras\HACD</Filter>
    </ClInclude>
    <ClInclude Include="..\..\Extras\HACD\hacdICHull.h">
      <Filter>Extras\HACD</Filter>
    </ClInclude>
    <ClInclude Include="..\..\Extras\HACD\hacdManifoldMesh.h">
      <Filter>Extras\HACD</Filter>
    </ClInclude>
    <ClInclude Include="..\..\Extras\HACD\hacdVector.h">
      <Filter>Extras\HACD</Filter>
    </ClInclude>
    <ClInclude Include="..\..\Extras\HACD\hacdVersion.h">
      <Filter>Extras\HACD</Filter>
    </ClInclude>
  </ItemGroup>
  <ItemGroup>
    <ClCompile Include="..\..\Extras\HACD\hacdGraph.cpp">
      <Filter>Extras\HACD</Filter>
    </ClCompile>
    <ClCompile Include="..\..\Extras\HACD\hacdHACD.cpp">
      <Filter>Extras\HACD</Filter>
    </ClCompile>
    <ClCompile Include="..\..\Extras\HACD\hacdICHull.cpp">
      <Filter>Extras\HACD</Filter>
    </ClCompile>
    <ClCompile Include="..\..\Extras\HACD\hacdManifoldMesh.cpp">
      <Filter>Extras\HACD</Filter>
    </ClCompile>
  </ItemGroup>
</Project>
